// !$*UTF8*$!
{
	archiveVersion = 1;
	classes = {
	};
	objectVersion = 56;
	objects = {

/* Begin PBXBuildFile section */
		47AF1C632E32E273001EF69A /* InfoView.swift in Sources */ = {isa = PBXBuildFile; fileRef = 47AF1C622E32E273001EF69A /* InfoView.swift */; };
		47AF1C652E32E404001EF69A /* ChangeCaloriaView.swift in Sources */ = {isa = PBXBuildFile; fileRef = 47AF1C642E32E404001EF69A /* ChangeCaloriaView.swift */; };
		47AF1C682E33010F001EF69A /* ViewModelAlimentos.swift in Sources */ = {isa = PBXBuildFile; fileRef = 47AF1C662E33010F001EF69A /* ViewModelAlimentos.swift */; };
		47AF1C692E33010F001EF69A /* ModelAlimento.swift in Sources */ = {isa = PBXBuildFile; fileRef = 47AF1C672E33010F001EF69A /* ModelAlimento.swift */; };
		47D1C9002E31AA4600C80E12 /* NutriScanApp.swift in Sources */ = {isa = PBXBuildFile; fileRef = 47D1C8FF2E31AA4600C80E12 /* NutriScanApp.swift */; };
		47D1C9022E31AA4600C80E12 /* ContentView.swift in Sources */ = {isa = PBXBuildFile; fileRef = 47D1C9012E31AA4600C80E12 /* ContentView.swift */; };
		47D1C9042E31AA4800C80E12 /* Assets.xcassets in Resources */ = {isa = PBXBuildFile; fileRef = 47D1C9032E31AA4800C80E12 /* Assets.xcassets */; };
		47D1C90E2E31AAEF00C80E12 /* HomeView.swift in Sources */ = {isa = PBXBuildFile; fileRef = 47D1C90D2E31AAEF00C80E12 /* HomeView.swift */; };
		47D1C9102E31AB6A00C80E12 /* AddView.swift in Sources */ = {isa = PBXBuildFile; fileRef = 47D1C90F2E31AB6A00C80E12 /* AddView.swift */; };
		47D1C9122E31ABC000C80E12 /* CalendarView.swift in Sources */ = {isa = PBXBuildFile; fileRef = 47D1C9112E31ABC000C80E12 /* CalendarView.swift */; };
		47D1C9142E31AC1C00C80E12 /* ChatView.swift in Sources */ = {isa = PBXBuildFile; fileRef = 47D1C9132E31AC1C00C80E12 /* ChatView.swift */; };
/* End PBXBuildFile section */

/* Begin PBXFileReference section */
		47AF1C622E32E273001EF69A /* InfoView.swift */ = {isa = PBXFileReference; lastKnownFileType = sourcecode.swift; path = InfoView.swift; sourceTree = "<group>"; };
		47AF1C642E32E404001EF69A /* ChangeCaloriaView.swift */ = {isa = PBXFileReference; lastKnownFileType = sourcecode.swift; path = ChangeCaloriaView.swift; sourceTree = "<group>"; };
		47AF1C662E33010F001EF69A /* ViewModelAlimentos.swift */ = {isa = PBXFileReference; fileEncoding = 4; lastKnownFileType = sourcecode.swift; path = ViewModelAlimentos.swift; sourceTree = "<group>"; };
		47AF1C672E33010F001EF69A /* ModelAlimento.swift */ = {isa = PBXFileReference; fileEncoding = 4; lastKnownFileType = sourcecode.swift; path = ModelAlimento.swift; sourceTree = "<group>"; };
		47D1C8FC2E31AA4600C80E12 /* NutriScan.app */ = {isa = PBXFileReference; explicitFileType = wrapper.application; includeInIndex = 0; path = NutriScan.app; sourceTree = BUILT_PRODUCTS_DIR; };
		47D1C8FF2E31AA4600C80E12 /* NutriScanApp.swift */ = {isa = PBXFileReference; lastKnownFileType = sourcecode.swift; path = NutriScanApp.swift; sourceTree = "<group>"; };
		47D1C9012E31AA4600C80E12 /* ContentView.swift */ = {isa = PBXFileReference; lastKnownFileType = sourcecode.swift; path = ContentView.swift; sourceTree = "<group>"; };
		47D1C9032E31AA4800C80E12 /* Assets.xcassets */ = {isa = PBXFileReference; lastKnownFileType = folder.assetcatalog; path = Assets.xcassets; sourceTree = "<group>"; };
		47D1C90D2E31AAEF00C80E12 /* HomeView.swift */ = {isa = PBXFileReference; lastKnownFileType = sourcecode.swift; path = HomeView.swift; sourceTree = "<group>"; };
		47D1C90F2E31AB6A00C80E12 /* AddView.swift */ = {isa = PBXFileReference; lastKnownFileType = sourcecode.swift; path = AddView.swift; sourceTree = "<group>"; };
		47D1C9112E31ABC000C80E12 /* CalendarView.swift */ = {isa = PBXFileReference; lastKnownFileType = sourcecode.swift; path = CalendarView.swift; sourceTree = "<group>"; };
		47D1C9132E31AC1C00C80E12 /* ChatView.swift */ = {isa = PBXFileReference; lastKnownFileType = sourcecode.swift; path = ChatView.swift; sourceTree = "<group>"; };
/* End PBXFileReference section */

/* Begin PBXFrameworksBuildPhase section */
		47D1C8F92E31AA4600C80E12 /* Frameworks */ = {
			isa = PBXFrameworksBuildPhase;
			buildActionMask = 2147483647;
			files = (
			);
			runOnlyForDeploymentPostprocessing = 0;
		};
/* End PBXFrameworksBuildPhase section */

/* Begin PBXGroup section */
		47D1C8F32E31AA4600C80E12 = {
			isa = PBXGroup;
			children = (
				47D1C8FE2E31AA4600C80E12 /* NutriScan */,
				47D1C8FD2E31AA4600C80E12 /* Products */,
			);
			sourceTree = "<group>";
		};
		47D1C8FD2E31AA4600C80E12 /* Products */ = {
			isa = PBXGroup;
			children = (
				47D1C8FC2E31AA4600C80E12 /* NutriScan.app */,
			);
			name = Products;
			sourceTree = "<group>";
		};
		47D1C8FE2E31AA4600C80E12 /* NutriScan */ = {
			isa = PBXGroup;
			children = (
				47D1C8FF2E31AA4600C80E12 /* NutriScanApp.swift */,
				47D1C9012E31AA4600C80E12 /* ContentView.swift */,
				47D1C90D2E31AAEF00C80E12 /* HomeView.swift */,
				47D1C90F2E31AB6A00C80E12 /* AddView.swift */,
				47D1C9112E31ABC000C80E12 /* CalendarView.swift */,
				47D1C9132E31AC1C00C80E12 /* ChatView.swift */,
				47AF1C622E32E273001EF69A /* InfoView.swift */,
				47AF1C642E32E404001EF69A /* ChangeCaloriaView.swift */,
				47AF1C672E33010F001EF69A /* ModelAlimento.swift */,
				47AF1C662E33010F001EF69A /* ViewModelAlimentos.swift */,
				47D1C9032E31AA4800C80E12 /* Assets.xcassets */,
			);
			path = NutriScan;
			sourceTree = "<group>";
		};
/* End PBXGroup section */

/* Begin PBXNativeTarget section */
		47D1C8FB2E31AA4600C80E12 /* NutriScan */ = {
			isa = PBXNativeTarget;
			buildConfigurationList = 47D1C90A2E31AA4800C80E12 /* Build configuration list for PBXNativeTarget "NutriScan" */;
			buildPhases = (
				47D1C8F82E31AA4600C80E12 /* Sources */,
				47D1C8F92E31AA4600C80E12 /* Frameworks */,
				47D1C8FA2E31AA4600C80E12 /* Resources */,
			);
			buildRules = (
			);
			dependencies = (
			);
			name = NutriScan;
			productName = NutriScan;
			productReference = 47D1C8FC2E31AA4600C80E12 /* NutriScan.app */;
			productType = "com.apple.product-type.application";
		};
/* End PBXNativeTarget section */

/* Begin PBXProject section */
		47D1C8F42E31AA4600C80E12 /* Project object */ = {
			isa = PBXProject;
			attributes = {
				BuildIndependentTargetsInParallel = 1;
				LastSwiftUpdateCheck = 1540;
				LastUpgradeCheck = 1540;
				TargetAttributes = {
					47D1C8FB2E31AA4600C80E12 = {
						CreatedOnToolsVersion = 15.4;
					};
				};
			};
			buildConfigurationList = 47D1C8F72E31AA4600C80E12 /* Build configuration list for PBXProject "NutriScan" */;
			compatibilityVersion = "Xcode 14.0";
			developmentRegion = en;
			hasScannedForEncodings = 0;
			knownRegions = (
				en,
				Base,
			);
			mainGroup = 47D1C8F32E31AA4600C80E12;
			productRefGroup = 47D1C8FD2E31AA4600C80E12 /* Products */;
			projectDirPath = "";
			projectRoot = "";
			targets = (
				47D1C8FB2E31AA4600C80E12 /* NutriScan */,
			);
		};
/* End PBXProject section */

/* Begin PBXResourcesBuildPhase section */
		47D1C8FA2E31AA4600C80E12 /* Resources */ = {
			isa = PBXResourcesBuildPhase;
			buildActionMask = 2147483647;
			files = (
				47D1C9042E31AA4800C80E12 /* Assets.xcassets in Resources */,
			);
			runOnlyForDeploymentPostprocessing = 0;
		};
/* End PBXResourcesBuildPhase section */

/* Begin PBXSourcesBuildPhase section */
		47D1C8F82E31AA4600C80E12 /* Sources */ = {
			isa = PBXSourcesBuildPhase;
			buildActionMask = 2147483647;
			files = (
				47D1C9122E31ABC000C80E12 /* CalendarView.swift in Sources */,
				47D1C9102E31AB6A00C80E12 /* AddView.swift in Sources */,
				47AF1C682E33010F001EF69A /* ViewModelAlimentos.swift in Sources */,
				47D1C90E2E31AAEF00C80E12 /* HomeView.swift in Sources */,
				47D1C9022E31AA4600C80E12 /* ContentView.swift in Sources */,
				47D1C9142E31AC1C00C80E12 /* ChatView.swift in Sources */,
				47AF1C692E33010F001EF69A /* ModelAlimento.swift in Sources */,
				47D1C9002E31AA4600C80E12 /* NutriScanApp.swift in Sources */,
				47AF1C652E32E404001EF69A /* ChangeCaloriaView.swift in Sources */,
				47AF1C632E32E273001EF69A /* InfoView.swift in Sources */,
			);
			runOnlyForDeploymentPostprocessing = 0;
		};
/* End PBXSourcesBuildPhase section */

/* Begin XCBuildConfiguration section */
		47D1C9082E31AA4800C80E12 /* Debug */ = {
			isa = XCBuildConfiguration;
			buildSettings = {
				ALWAYS_SEARCH_USER_PATHS = NO;
				ASSETCATALOG_COMPILER_GENERATE_SWIFT_ASSET_SYMBOL_EXTENSIONS = YES;
				CLANG_ANALYZER_NONNULL = YES;
				CLANG_ANALYZER_NUMBER_OBJECT_CONVERSION = YES_AGGRESSIVE;
				CLANG_CXX_LANGUAGE_STANDARD = "gnu++20";
				CLANG_ENABLE_MODULES = YES;
				CLANG_ENABLE_OBJC_ARC = YES;
				CLANG_ENABLE_OBJC_WEAK = YES;
				CLANG_WARN_BLOCK_CAPTURE_AUTORELEASING = YES;
				CLANG_WARN_BOOL_CONVERSION = YES;
				CLANG_WARN_COMMA = YES;
				CLANG_WARN_CONSTANT_CONVERSION = YES;
				CLANG_WARN_DEPRECATED_OBJC_IMPLEMENTATIONS = YES;
				CLANG_WARN_DIRECT_OBJC_ISA_USAGE = YES_ERROR;
				CLANG_WARN_DOCUMENTATION_COMMENTS = YES;
				CLANG_WARN_EMPTY_BODY = YES;
				CLANG_WARN_ENUM_CONVERSION = YES;
				CLANG_WARN_INFINITE_RECURSION = YES;
				CLANG_WARN_INT_CONVERSION = YES;
				CLANG_WARN_NON_LITERAL_NULL_CONVERSION = YES;
				CLANG_WARN_OBJC_IMPLICIT_RETAIN_SELF = YES;
				CLANG_WARN_OBJC_LITERAL_CONVERSION = YES;
				CLANG_WARN_OBJC_ROOT_CLASS = YES_ERROR;
				CLANG_WARN_QUOTED_INCLUDE_IN_FRAMEWORK_HEADER = YES;
				CLANG_WARN_RANGE_LOOP_ANALYSIS = YES;
				CLANG_WARN_STRICT_PROTOTYPES = YES;
				CLANG_WARN_SUSPICIOUS_MOVE = YES;
				CLANG_WARN_UNGUARDED_AVAILABILITY = YES_AGGRESSIVE;
				CLANG_WARN_UNREACHABLE_CODE = YES;
				CLANG_WARN__DUPLICATE_METHOD_MATCH = YES;
				COPY_PHASE_STRIP = NO;
				DEBUG_INFORMATION_FORMAT = dwarf;
				ENABLE_STRICT_OBJC_MSGSEND = YES;
				ENABLE_TESTABILITY = YES;
				ENABLE_USER_SCRIPT_SANDBOXING = YES;
				GCC_C_LANGUAGE_STANDARD = gnu17;
				GCC_DYNAMIC_NO_PIC = NO;
				GCC_NO_COMMON_BLOCKS = YES;
				GCC_OPTIMIZATION_LEVEL = 0;
				GCC_PREPROCESSOR_DEFINITIONS = (
					"DEBUG=1",
					"$(inherited)",
				);
				GCC_WARN_64_TO_32_BIT_CONVERSION = YES;
				GCC_WARN_ABOUT_RETURN_TYPE = YES_ERROR;
				GCC_WARN_UNDECLARED_SELECTOR = YES;
				GCC_WARN_UNINITIALIZED_AUTOS = YES_AGGRESSIVE;
				GCC_WARN_UNUSED_FUNCTION = YES;
				GCC_WARN_UNUSED_VARIABLE = YES;
				IPHONEOS_DEPLOYMENT_TARGET = 17.5;
				LOCALIZATION_PREFERS_STRING_CATALOGS = YES;
				MTL_ENABLE_DEBUG_INFO = INCLUDE_SOURCE;
				MTL_FAST_MATH = YES;
				ONLY_ACTIVE_ARCH = YES;
				SDKROOT = iphoneos;
				SWIFT_ACTIVE_COMPILATION_CONDITIONS = "DEBUG $(inherited)";
				SWIFT_OPTIMIZATION_LEVEL = "-Onone";
			};
			name = Debug;
		};
		47D1C9092E31AA4800C80E12 /* Release */ = {
			isa = XCBuildConfiguration;
			buildSettings = {
				ALWAYS_SEARCH_USER_PATHS = NO;
				ASSETCATALOG_COMPILER_GENERATE_SWIFT_ASSET_SYMBOL_EXTENSIONS = YES;
				CLANG_ANALYZER_NONNULL = YES;
				CLANG_ANALYZER_NUMBER_OBJECT_CONVERSION = YES_AGGRESSIVE;
				CLANG_CXX_LANGUAGE_STANDARD = "gnu++20";
				CLANG_ENABLE_MODULES = YES;
				CLANG_ENABLE_OBJC_ARC = YES;
				CLANG_ENABLE_OBJC_WEAK = YES;
				CLANG_WARN_BLOCK_CAPTURE_AUTORELEASING = YES;
				CLANG_WARN_BOOL_CONVERSION = YES;
				CLANG_WARN_COMMA = YES;
				CLANG_WARN_CONSTANT_CONVERSION = YES;
				CLANG_WARN_DEPRECATED_OBJC_IMPLEMENTATIONS = YES;
				CLANG_WARN_DIRECT_OBJC_ISA_USAGE = YES_ERROR;
				CLANG_WARN_DOCUMENTATION_COMMENTS = YES;
				CLANG_WARN_EMPTY_BODY = YES;
				CLANG_WARN_ENUM_CONVERSION = YES;
				CLANG_WARN_INFINITE_RECURSION = YES;
				CLANG_WARN_INT_CONVERSION = YES;
				CLANG_WARN_NON_LITERAL_NULL_CONVERSION = YES;
				CLANG_WARN_OBJC_IMPLICIT_RETAIN_SELF = YES;
				CLANG_WARN_OBJC_LITERAL_CONVERSION = YES;
				CLANG_WARN_OBJC_ROOT_CLASS = YES_ERROR;
				CLANG_WARN_QUOTED_INCLUDE_IN_FRAMEWORK_HEADER = YES;
				CLANG_WARN_RANGE_LOOP_ANALYSIS = YES;
				CLANG_WARN_STRICT_PROTOTYPES = YES;
				CLANG_WARN_SUSPICIOUS_MOVE = YES;
				CLANG_WARN_UNGUARDED_AVAILABILITY = YES_AGGRESSIVE;
				CLANG_WARN_UNREACHABLE_CODE = YES;
				CLANG_WARN__DUPLICATE_METHOD_MATCH = YES;
				COPY_PHASE_STRIP = NO;
				DEBUG_INFORMATION_FORMAT = "dwarf-with-dsym";
				ENABLE_NS_ASSERTIONS = NO;
				ENABLE_STRICT_OBJC_MSGSEND = YES;
				ENABLE_USER_SCRIPT_SANDBOXING = YES;
				GCC_C_LANGUAGE_STANDARD = gnu17;
				GCC_NO_COMMON_BLOCKS = YES;
				GCC_WARN_64_TO_32_BIT_CONVERSION = YES;
				GCC_WARN_ABOUT_RETURN_TYPE = YES_ERROR;
				GCC_WARN_UNDECLARED_SELECTOR = YES;
				GCC_WARN_UNINITIALIZED_AUTOS = YES_AGGRESSIVE;
				GCC_WARN_UNUSED_FUNCTION = YES;
				GCC_WARN_UNUSED_VARIABLE = YES;
				IPHONEOS_DEPLOYMENT_TARGET = 17.5;
				LOCALIZATION_PREFERS_STRING_CATALOGS = YES;
				MTL_ENABLE_DEBUG_INFO = NO;
				MTL_FAST_MATH = YES;
				SDKROOT = iphoneos;
				SWIFT_COMPILATION_MODE = wholemodule;
				VALIDATE_PRODUCT = YES;
			};
			name = Release;
		};
		47D1C90B2E31AA4800C80E12 /* Debug */ = {
			isa = XCBuildConfiguration;
			buildSettings = {
				ASSETCATALOG_COMPILER_APPICON_NAME = AppIcon;
				ASSETCATALOG_COMPILER_GLOBAL_ACCENT_COLOR_NAME = AccentColor;
				CODE_SIGN_STYLE = Automatic;
				CURRENT_PROJECT_VERSION = 1;
				DEVELOPMENT_ASSET_PATHS = "\"NutriScan/Preview Content\"";
				ENABLE_PREVIEWS = YES;
				GENERATE_INFOPLIST_FILE = YES;
				INFOPLIST_KEY_UIApplicationSceneManifest_Generation = YES;
				INFOPLIST_KEY_UIApplicationSupportsIndirectInputEvents = YES;
				INFOPLIST_KEY_UILaunchScreen_Generation = YES;
				INFOPLIST_KEY_UISupportedInterfaceOrientations_iPad = "UIInterfaceOrientationPortrait UIInterfaceOrientationPortraitUpsideDown UIInterfaceOrientationLandscapeLeft UIInterfaceOrientationLandscapeRight";
				INFOPLIST_KEY_UISupportedInterfaceOrientations_iPhone = "UIInterfaceOrientationPortrait UIInterfaceOrientationLandscapeLeft UIInterfaceOrientationLandscapeRight";
				LD_RUNPATH_SEARCH_PATHS = (
					"$(inherited)",
					"@executable_path/Frameworks",
				);
				MARKETING_VERSION = 1.0;
				PRODUCT_BUNDLE_IDENTIFIER = rauljacomelli.NutriScan;
				PRODUCT_NAME = "$(TARGET_NAME)";
				SWIFT_EMIT_LOC_STRINGS = YES;
				SWIFT_VERSION = 5.0;
				TARGETED_DEVICE_FAMILY = "1,2";
			};
			name = Debug;
		};
		47D1C90C2E31AA4800C80E12 /* Release */ = {
			isa = XCBuildConfiguration;
			buildSettings = {
				ASSETCATALOG_COMPILER_APPICON_NAME = AppIcon;
				ASSETCATALOG_COMPILER_GLOBAL_ACCENT_COLOR_NAME = AccentColor;
				CODE_SIGN_STYLE = Automatic;
				CURRENT_PROJECT_VERSION = 1;
				DEVELOPMENT_ASSET_PATHS = "\"NutriScan/Preview Content\"";
				ENABLE_PREVIEWS = YES;
				GENERATE_INFOPLIST_FILE = YES;
				INFOPLIST_KEY_UIApplicationSceneManifest_Generation = YES;
				INFOPLIST_KEY_UIApplicationSupportsIndirectInputEvents = YES;
				INFOPLIST_KEY_UILaunchScreen_Generation = YES;
				INFOPLIST_KEY_UISupportedInterfaceOrientations_iPad = "UIInterfaceOrientationPortrait UIInterfaceOrientationPortraitUpsideDown UIInterfaceOrientationLandscapeLeft UIInterfaceOrientationLandscapeRight";
				INFOPLIST_KEY_UISupportedInterfaceOrientations_iPhone = "UIInterfaceOrientationPortrait UIInterfaceOrientationLandscapeLeft UIInterfaceOrientationLandscapeRight";
				LD_RUNPATH_SEARCH_PATHS = (
					"$(inherited)",
					"@executable_path/Frameworks",
				);
				MARKETING_VERSION = 1.0;
				PRODUCT_BUNDLE_IDENTIFIER = rauljacomelli.NutriScan;
				PRODUCT_NAME = "$(TARGET_NAME)";
				SWIFT_EMIT_LOC_STRINGS = YES;
				SWIFT_VERSION = 5.0;
				TARGETED_DEVICE_FAMILY = "1,2";
			};
			name = Release;
		};
/* End XCBuildConfiguration section */

/* Begin XCConfigurationList section */
		47D1C8F72E31AA4600C80E12 /* Build configuration list for PBXProject "NutriScan" */ = {
			isa = XCConfigurationList;
			buildConfigurations = (
				47D1C9082E31AA4800C80E12 /* Debug */,
				47D1C9092E31AA4800C80E12 /* Release */,
			);
			defaultConfigurationIsVisible = 0;
			defaultConfigurationName = Release;
		};
		47D1C90A2E31AA4800C80E12 /* Build configuration list for PBXNativeTarget "NutriScan" */ = {
			isa = XCConfigurationList;
			buildConfigurations = (
				47D1C90B2E31AA4800C80E12 /* Debug */,
				47D1C90C2E31AA4800C80E12 /* Release */,
			);
			defaultConfigurationIsVisible = 0;
			defaultConfigurationName = Release;
		};
/* End XCConfigurationList section */
	};
	rootObject = 47D1C8F42E31AA4600C80E12 /* Project object */;
}
